
Microsoft Visual Studio Solution File, Format Version 12.00
# Visual Studio Version 17
VisualStudioVersion = 17.2.32616.157
MinimumVisualStudioVersion = 10.0.40219.1
Project("{9A19103F-16F7-4668-BE54-9A1E7A4F7556}") = "Domain", "Domain\Domain.csproj", "{FD238FD0-2365-4250-8535-A190A4D91564}"
EndProject
Project("{9A19103F-16F7-4668-BE54-9A1E7A4F7556}") = "Infrastructure", "Infrastructure\Infrastructure.csproj", "{00E1399F-C70C-46B4-B3FA-D96F8B9928E5}"
EndProject
Project("{9A19103F-16F7-4668-BE54-9A1E7A4F7556}") = "Application", "Application\Application.csproj", "{9E71F986-3E99-4D5B-9096-A8C8CC6DEB91}"
EndProject
Project("{9A19103F-16F7-4668-BE54-9A1E7A4F7556}") = "WebUI", "WebUI\WebUI.csproj", "{73447A36-1894-48B0-9D9B-402F8139DC69}"
EndProject
Project("{9A19103F-16F7-4668-BE54-9A1E7A4F7556}") = "Application.IntegrationTests", "Application.IntegrationTests\Application.IntegrationTests.csproj", "{29D8E8B4-F08F-40CC-A0E9-7579F96E6980}"
EndProject
Project("{FAE04EC0-301F-11D3-BF4B-00C04F79EFBC}") = "WebAPI", "WebAPI\WebAPI.csproj", "{19001E78-EAD3-48C9-97DE-B12480B4355C}"
EndProject
Global
	GlobalSection(SolutionConfigurationPlatforms) = preSolution
		Debug|Any CPU = Debug|Any CPU
		Release|Any CPU = Release|Any CPU
	EndGlobalSection
	GlobalSection(ProjectConfigurationPlatforms) = postSolution
		{FD238FD0-2365-4250-8535-A190A4D91564}.Debug|Any CPU.ActiveCfg = Debug|Any CPU
		{FD238FD0-2365-4250-8535-A190A4D91564}.Debug|Any CPU.Build.0 = Debug|Any CPU
		{FD238FD0-2365-4250-8535-A190A4D91564}.Release|Any CPU.ActiveCfg = Release|Any CPU
		{FD238FD0-2365-4250-8535-A190A4D91564}.Release|Any CPU.Build.0 = Release|Any CPU
		{00E1399F-C70C-46B4-B3FA-D96F8B9928E5}.Debug|Any CPU.ActiveCfg = Debug|Any CPU
		{00E1399F-C70C-46B4-B3FA-D96F8B9928E5}.Debug|Any CPU.Build.0 = Debug|Any CPU
		{00E1399F-C70C-46B4-B3FA-D96F8B9928E5}.Release|Any CPU.ActiveCfg = Release|Any CPU
		{00E1399F-C70C-46B4-B3FA-D96F8B9928E5}.Release|Any CPU.Build.0 = Release|Any CPU
		{9E71F986-3E99-4D5B-9096-A8C8CC6DEB91}.Debug|Any CPU.ActiveCfg = Debug|Any CPU
		{9E71F986-3E99-4D5B-9096-A8C8CC6DEB91}.Debug|Any CPU.Build.0 = Debug|Any CPU
		{9E71F986-3E99-4D5B-9096-A8C8CC6DEB91}.Release|Any CPU.ActiveCfg = Release|Any CPU
		{9E71F986-3E99-4D5B-9096-A8C8CC6DEB91}.Release|Any CPU.Build.0 = Release|Any CPU
		{73447A36-1894-48B0-9D9B-402F8139DC69}.Debug|Any CPU.ActiveCfg = Debug|Any CPU
		{73447A36-1894-48B0-9D9B-402F8139DC69}.Debug|Any CPU.Build.0 = Debug|Any CPU
		{73447A36-1894-48B0-9D9B-402F8139DC69}.Release|Any CPU.ActiveCfg = Release|Any CPU
		{73447A36-1894-48B0-9D9B-402F8139DC69}.Release|Any CPU.Build.0 = Release|Any CPU
		{29D8E8B4-F08F-40CC-A0E9-7579F96E6980}.Debug|Any CPU.ActiveCfg = Debug|Any CPU
		{29D8E8B4-F08F-40CC-A0E9-7579F96E6980}.Debug|Any CPU.Build.0 = Debug|Any CPU
		{29D8E8B4-F08F-40CC-A0E9-7579F96E6980}.Release|Any CPU.ActiveCfg = Release|Any CPU
		{29D8E8B4-F08F-40CC-A0E9-7579F96E6980}.Release|Any CPU.Build.0 = Release|Any CPU
		{19001E78-EAD3-48C9-97DE-B12480B4355C}.Debug|Any CPU.ActiveCfg = Debug|Any CPU
		{19001E78-EAD3-48C9-97DE-B12480B4355C}.Debug|Any CPU.Build.0 = Debug|Any CPU
		{19001E78-EAD3-48C9-97DE-B12480B4355C}.Release|Any CPU.ActiveCfg = Release|Any CPU
		{19001E78-EAD3-48C9-97DE-B12480B4355C}.Release|Any CPU.Build.0 = Release|Any CPU
	EndGlobalSection
	GlobalSection(SolutionProperties) = preSolution
		HideSolutionNode = FALSE
	EndGlobalSection
	GlobalSection(ExtensibilityGlobals) = postSolution
		SolutionGuid = {C07772D3-8DB1-4EDA-B01E-2A39B52948A0}
	EndGlobalSection
EndGlobal
