
Microsoft Visual Studio Solution File, Format Version 12.00
# Visual Studio Version 17
VisualStudioVersion = 17.2.32616.157
MinimumVisualStudioVersion = 10.0.40219.1
Project("{2150E333-8FDC-42A3-9474-1A3956D46DE8}") = "Source", "Source", "{7C7DC916-230B-4054-BC72-9C2F31AB9F0C}"
EndProject
Project("{2150E333-8FDC-42A3-9474-1A3956D46DE8}") = "ServiceDirectoryAdmin.Core", "ServiceDirectoryAdmin.Core", "{E6256720-148B-4DE4-9812-7100AE41E3BE}"
EndProject
Project("{2150E333-8FDC-42A3-9474-1A3956D46DE8}") = "ServiceDirectoryAdmin.Infrastructure", "ServiceDirectoryAdmin.Infrastructure", "{08A3DF61-E19E-4B44-BDB4-629C8BC4EAEA}"
EndProject
Project("{9A19103F-16F7-4668-BE54-9A1E7A4F7556}") = "ServiceDirectoryAdmin.Core", "Source\ServiceDirectoryAdmin.Core\ServiceDirectoryAdmin.Core.csproj", "{A6CB4427-6F88-4FE8-B394-05AA87C30EC3}"
EndProject
Project("{9A19103F-16F7-4668-BE54-9A1E7A4F7556}") = "ServiceDirectoryAdmin.Infrastructure", "Source\ServiceDirectoryAdmin.Infrastructure\ServiceDirectoryAdmin.Infrastructure.csproj", "{9C0C1C19-B0B3-4682-B30B-CE6CE2457E7A}"
EndProject
Project("{2150E333-8FDC-42A3-9474-1A3956D46DE8}") = "Tests", "Tests", "{F40A8369-C869-4AE2-BE43-6ECAD8FED191}"
EndProject
Project("{2150E333-8FDC-42A3-9474-1A3956D46DE8}") = "FunctionalTests", "FunctionalTests", "{E20FF264-AF54-4D9D-A2ED-42A81B9D5C26}"
EndProject
Project("{9A19103F-16F7-4668-BE54-9A1E7A4F7556}") = "FunctionalTests", "Tests\FunctionalTests\FunctionalTests.csproj", "{BF670D51-BB0F-46BA-9357-A2BF4C497582}"
EndProject
Project("{2150E333-8FDC-42A3-9474-1A3956D46DE8}") = "IntegrationTests", "IntegrationTests", "{D4FFFD85-2709-45C1-A8AD-D2EF534BFD85}"
EndProject
Project("{9A19103F-16F7-4668-BE54-9A1E7A4F7556}") = "IntegrationTests", "Tests\IntegrationTests\IntegrationTests.csproj", "{2654DE25-C785-4F57-969A-AE4F6D6C7978}"
EndProject
Project("{2150E333-8FDC-42A3-9474-1A3956D46DE8}") = "UnitTests", "UnitTests", "{D059537A-5DAD-41D2-8B5D-42BD8A83C9E3}"
EndProject
Project("{9A19103F-16F7-4668-BE54-9A1E7A4F7556}") = "UnitTests", "Tests\UnitTests\UnitTests.csproj", "{0D935AA7-2C71-41DD-997D-D4BAD022D914}"
EndProject
Project("{2150E333-8FDC-42A3-9474-1A3956D46DE8}") = "ServiceDirectoryAdmin.WebApi", "ServiceDirectoryAdmin.WebApi", "{4F63D38A-5FEB-4C91-A1BA-B06E8F300DC0}"
EndProject
Project("{9A19103F-16F7-4668-BE54-9A1E7A4F7556}") = "ServiceDirectoryAdmin.WebApi", "Source\ServiceDirectoryAdmin.WebApi\ServiceDirectoryAdmin.WebApi.csproj", "{19C17D82-D606-4DF5-9198-98ECA50A16A1}"
EndProject
Project("{2150E333-8FDC-42A3-9474-1A3956D46DE8}") = "ServiceDirectoryAdmin.WebUi", "ServiceDirectoryAdmin.WebUi", "{7FFFFB58-A884-4CAC-8072-3A6733B7E2E9}"
EndProject
Project("{9A19103F-16F7-4668-BE54-9A1E7A4F7556}") = "ServiceDirectoryAdmin.WebUi", "Source\ServiceDirectoryAdmin.WebUi\ServiceDirectoryAdmin.WebUi.csproj", "{5B580F19-D2A7-4956-A1B9-A71E9F97B04B}"
EndProject
Global
	GlobalSection(SolutionConfigurationPlatforms) = preSolution
		Debug|Any CPU = Debug|Any CPU
		Release|Any CPU = Release|Any CPU
	EndGlobalSection
	GlobalSection(ProjectConfigurationPlatforms) = postSolution
		{A6CB4427-6F88-4FE8-B394-05AA87C30EC3}.Debug|Any CPU.ActiveCfg = Debug|Any CPU
		{A6CB4427-6F88-4FE8-B394-05AA87C30EC3}.Debug|Any CPU.Build.0 = Debug|Any CPU
		{A6CB4427-6F88-4FE8-B394-05AA87C30EC3}.Release|Any CPU.ActiveCfg = Release|Any CPU
		{A6CB4427-6F88-4FE8-B394-05AA87C30EC3}.Release|Any CPU.Build.0 = Release|Any CPU
		{9C0C1C19-B0B3-4682-B30B-CE6CE2457E7A}.Debug|Any CPU.ActiveCfg = Debug|Any CPU
		{9C0C1C19-B0B3-4682-B30B-CE6CE2457E7A}.Debug|Any CPU.Build.0 = Debug|Any CPU
		{9C0C1C19-B0B3-4682-B30B-CE6CE2457E7A}.Release|Any CPU.ActiveCfg = Release|Any CPU
		{9C0C1C19-B0B3-4682-B30B-CE6CE2457E7A}.Release|Any CPU.Build.0 = Release|Any CPU
		{BF670D51-BB0F-46BA-9357-A2BF4C497582}.Debug|Any CPU.ActiveCfg = Debug|Any CPU
		{BF670D51-BB0F-46BA-9357-A2BF4C497582}.Debug|Any CPU.Build.0 = Debug|Any CPU
		{BF670D51-BB0F-46BA-9357-A2BF4C497582}.Release|Any CPU.ActiveCfg = Release|Any CPU
		{BF670D51-BB0F-46BA-9357-A2BF4C497582}.Release|Any CPU.Build.0 = Release|Any CPU
		{2654DE25-C785-4F57-969A-AE4F6D6C7978}.Debug|Any CPU.ActiveCfg = Debug|Any CPU
		{2654DE25-C785-4F57-969A-AE4F6D6C7978}.Debug|Any CPU.Build.0 = Debug|Any CPU
		{2654DE25-C785-4F57-969A-AE4F6D6C7978}.Release|Any CPU.ActiveCfg = Release|Any CPU
		{2654DE25-C785-4F57-969A-AE4F6D6C7978}.Release|Any CPU.Build.0 = Release|Any CPU
		{0D935AA7-2C71-41DD-997D-D4BAD022D914}.Debug|Any CPU.ActiveCfg = Debug|Any CPU
		{0D935AA7-2C71-41DD-997D-D4BAD022D914}.Debug|Any CPU.Build.0 = Debug|Any CPU
		{0D935AA7-2C71-41DD-997D-D4BAD022D914}.Release|Any CPU.ActiveCfg = Release|Any CPU
		{0D935AA7-2C71-41DD-997D-D4BAD022D914}.Release|Any CPU.Build.0 = Release|Any CPU
		{19C17D82-D606-4DF5-9198-98ECA50A16A1}.Debug|Any CPU.ActiveCfg = Debug|Any CPU
		{19C17D82-D606-4DF5-9198-98ECA50A16A1}.Debug|Any CPU.Build.0 = Debug|Any CPU
		{19C17D82-D606-4DF5-9198-98ECA50A16A1}.Release|Any CPU.ActiveCfg = Release|Any CPU
		{19C17D82-D606-4DF5-9198-98ECA50A16A1}.Release|Any CPU.Build.0 = Release|Any CPU
		{5B580F19-D2A7-4956-A1B9-A71E9F97B04B}.Debug|Any CPU.ActiveCfg = Debug|Any CPU
		{5B580F19-D2A7-4956-A1B9-A71E9F97B04B}.Debug|Any CPU.Build.0 = Debug|Any CPU
		{5B580F19-D2A7-4956-A1B9-A71E9F97B04B}.Release|Any CPU.ActiveCfg = Release|Any CPU
		{5B580F19-D2A7-4956-A1B9-A71E9F97B04B}.Release|Any CPU.Build.0 = Release|Any CPU
	EndGlobalSection
	GlobalSection(SolutionProperties) = preSolution
		HideSolutionNode = FALSE
	EndGlobalSection
	GlobalSection(NestedProjects) = preSolution
		{E6256720-148B-4DE4-9812-7100AE41E3BE} = {7C7DC916-230B-4054-BC72-9C2F31AB9F0C}
		{08A3DF61-E19E-4B44-BDB4-629C8BC4EAEA} = {7C7DC916-230B-4054-BC72-9C2F31AB9F0C}
		{A6CB4427-6F88-4FE8-B394-05AA87C30EC3} = {E6256720-148B-4DE4-9812-7100AE41E3BE}
		{9C0C1C19-B0B3-4682-B30B-CE6CE2457E7A} = {08A3DF61-E19E-4B44-BDB4-629C8BC4EAEA}
		{E20FF264-AF54-4D9D-A2ED-42A81B9D5C26} = {F40A8369-C869-4AE2-BE43-6ECAD8FED191}
		{BF670D51-BB0F-46BA-9357-A2BF4C497582} = {E20FF264-AF54-4D9D-A2ED-42A81B9D5C26}
		{D4FFFD85-2709-45C1-A8AD-D2EF534BFD85} = {F40A8369-C869-4AE2-BE43-6ECAD8FED191}
		{2654DE25-C785-4F57-969A-AE4F6D6C7978} = {D4FFFD85-2709-45C1-A8AD-D2EF534BFD85}
		{D059537A-5DAD-41D2-8B5D-42BD8A83C9E3} = {F40A8369-C869-4AE2-BE43-6ECAD8FED191}
		{0D935AA7-2C71-41DD-997D-D4BAD022D914} = {D059537A-5DAD-41D2-8B5D-42BD8A83C9E3}
		{4F63D38A-5FEB-4C91-A1BA-B06E8F300DC0} = {7C7DC916-230B-4054-BC72-9C2F31AB9F0C}
		{19C17D82-D606-4DF5-9198-98ECA50A16A1} = {4F63D38A-5FEB-4C91-A1BA-B06E8F300DC0}
		{7FFFFB58-A884-4CAC-8072-3A6733B7E2E9} = {7C7DC916-230B-4054-BC72-9C2F31AB9F0C}
		{5B580F19-D2A7-4956-A1B9-A71E9F97B04B} = {7FFFFB58-A884-4CAC-8072-3A6733B7E2E9}
	EndGlobalSection
	GlobalSection(ExtensibilityGlobals) = postSolution
		SolutionGuid = {2692448D-5D3F-4C1F-9D84-54608DF17179}
	EndGlobalSection
EndGlobal
